
Microsoft Visual Studio Solution File, Format Version 12.00
# Visual Studio 15
VisualStudioVersion = 15.0.27428.2027
MinimumVisualStudioVersion = 10.0.40219.1
Project("{FAE04EC0-301F-11D3-BF4B-00C04F79EFBC}") = "Contentful.Core", "Contentful.Core\Contentful.Core.csproj", "{8BBD14F8-C6BE-4AC1-B24D-F7B231C243FB}"
EndProject
Project("{FAE04EC0-301F-11D3-BF4B-00C04F79EFBC}") = "Contentful.Core.Tests", "Contentful.Core.Tests\Contentful.Core.Tests.csproj", "{6DFBB597-D934-4ADD-8AD0-EA969A976671}"
EndProject
Global
	GlobalSection(SolutionConfigurationPlatforms) = preSolution
		Debug|Any CPU = Debug|Any CPU
		Release|Any CPU = Release|Any CPU
	EndGlobalSection
	GlobalSection(ProjectConfigurationPlatforms) = postSolution
		{8BBD14F8-C6BE-4AC1-B24D-F7B231C243FB}.Debug|Any CPU.ActiveCfg = Debug|Any CPU
		{8BBD14F8-C6BE-4AC1-B24D-F7B231C243FB}.Debug|Any CPU.Build.0 = Debug|Any CPU
		{8BBD14F8-C6BE-4AC1-B24D-F7B231C243FB}.Release|Any CPU.ActiveCfg = Release|Any CPU
		{8BBD14F8-C6BE-4AC1-B24D-F7B231C243FB}.Release|Any CPU.Build.0 = Release|Any CPU
		{6DFBB597-D934-4ADD-8AD0-EA969A976671}.Debug|Any CPU.ActiveCfg = Debug|Any CPU
		{6DFBB597-D934-4ADD-8AD0-EA969A976671}.Debug|Any CPU.Build.0 = Debug|Any CPU
		{6DFBB597-D934-4ADD-8AD0-EA969A976671}.Release|Any CPU.ActiveCfg = Release|Any CPU
		{6DFBB597-D934-4ADD-8AD0-EA969A976671}.Release|Any CPU.Build.0 = Release|Any CPU
	EndGlobalSection
	GlobalSection(SolutionProperties) = preSolution
		HideSolutionNode = FALSE
	EndGlobalSection
	GlobalSection(ExtensibilityGlobals) = postSolution
		SolutionGuid = {6F71F0D1-23C8-438C-9CE0-5102AB0E6F43}
	EndGlobalSection
EndGlobal
